
Microsoft Visual Studio Solution File, Format Version 12.00
# Visual Studio Version 17
VisualStudioVersion = 17.11.35222.181
MinimumVisualStudioVersion = 10.0.40219.1
Project("{9A19103F-16F7-4668-BE54-9A1E7A4F7556}") = "Domain", "Domain\Domain.csproj", "{339EDD4C-6741-4551-AAC8-8CC103C25FC8}"
EndProject
Project("{9A19103F-16F7-4668-BE54-9A1E7A4F7556}") = "Application", "Application\Application.csproj", "{410DF376-D42B-4882-A546-2720280704E1}"
EndProject
Project("{9A19103F-16F7-4668-BE54-9A1E7A4F7556}") = "Data", "Data\Data.csproj", "{59C9496D-B4C9-4FE7-9BF3-218D75FDFF76}"
EndProject
Project("{9A19103F-16F7-4668-BE54-9A1E7A4F7556}") = "Frameworks", "Frameworks\Frameworks.csproj", "{D88A319A-AD6F-47BD-8C6F-E68B479BEEFD}"
EndProject
Project("{FAE04EC0-301F-11D3-BF4B-00C04F79EFBC}") = "WebApplication1", "WebApplication1\WebApplication1.csproj", "{16A961C5-8008-4E01-BD2A-DC540CB602FA}"
EndProject
Global
	GlobalSection(SolutionConfigurationPlatforms) = preSolution
		Debug|Any CPU = Debug|Any CPU
		Release|Any CPU = Release|Any CPU
	EndGlobalSection
	GlobalSection(ProjectConfigurationPlatforms) = postSolution
		{339EDD4C-6741-4551-AAC8-8CC103C25FC8}.Debug|Any CPU.ActiveCfg = Debug|Any CPU
		{339EDD4C-6741-4551-AAC8-8CC103C25FC8}.Debug|Any CPU.Build.0 = Debug|Any CPU
		{339EDD4C-6741-4551-AAC8-8CC103C25FC8}.Release|Any CPU.ActiveCfg = Release|Any CPU
		{339EDD4C-6741-4551-AAC8-8CC103C25FC8}.Release|Any CPU.Build.0 = Release|Any CPU
		{410DF376-D42B-4882-A546-2720280704E1}.Debug|Any CPU.ActiveCfg = Debug|Any CPU
		{410DF376-D42B-4882-A546-2720280704E1}.Debug|Any CPU.Build.0 = Debug|Any CPU
		{410DF376-D42B-4882-A546-2720280704E1}.Release|Any CPU.ActiveCfg = Release|Any CPU
		{410DF376-D42B-4882-A546-2720280704E1}.Release|Any CPU.Build.0 = Release|Any CPU
		{59C9496D-B4C9-4FE7-9BF3-218D75FDFF76}.Debug|Any CPU.ActiveCfg = Debug|Any CPU
		{59C9496D-B4C9-4FE7-9BF3-218D75FDFF76}.Debug|Any CPU.Build.0 = Debug|Any CPU
		{59C9496D-B4C9-4FE7-9BF3-218D75FDFF76}.Release|Any CPU.ActiveCfg = Release|Any CPU
		{59C9496D-B4C9-4FE7-9BF3-218D75FDFF76}.Release|Any CPU.Build.0 = Release|Any CPU
		{D88A319A-AD6F-47BD-8C6F-E68B479BEEFD}.Debug|Any CPU.ActiveCfg = Debug|Any CPU
		{D88A319A-AD6F-47BD-8C6F-E68B479BEEFD}.Debug|Any CPU.Build.0 = Debug|Any CPU
		{D88A319A-AD6F-47BD-8C6F-E68B479BEEFD}.Release|Any CPU.ActiveCfg = Release|Any CPU
		{D88A319A-AD6F-47BD-8C6F-E68B479BEEFD}.Release|Any CPU.Build.0 = Release|Any CPU
		{16A961C5-8008-4E01-BD2A-DC540CB602FA}.Debug|Any CPU.ActiveCfg = Debug|Any CPU
		{16A961C5-8008-4E01-BD2A-DC540CB602FA}.Debug|Any CPU.Build.0 = Debug|Any CPU
		{16A961C5-8008-4E01-BD2A-DC540CB602FA}.Release|Any CPU.ActiveCfg = Release|Any CPU
		{16A961C5-8008-4E01-BD2A-DC540CB602FA}.Release|Any CPU.Build.0 = Release|Any CPU
	EndGlobalSection
	GlobalSection(SolutionProperties) = preSolution
		HideSolutionNode = FALSE
	EndGlobalSection
	GlobalSection(ExtensibilityGlobals) = postSolution
		SolutionGuid = {30F85509-B7E0-420D-8A5F-F907F19728DA}
	EndGlobalSection
EndGlobal
